// !$*UTF8*$!
{
	archiveVersion = 1;
	classes = {
	};
	objectVersion = 46;
	objects = {

/* Begin PBXBuildFile section */
		501AD82A1DF5E16F00F217B9 /* Stocks.swift in Sources */ = {isa = PBXBuildFile; fileRef = 501AD8291DF5E16F00F217B9 /* Stocks.swift */; };
		506A57F61DF1FF8C00446B65 /* UI.atlas in Resources */ = {isa = PBXBuildFile; fileRef = 506A57F51DF1FF8C00446B65 /* UI.atlas */; };
		506A57F81DF2000900446B65 /* MiningUI.swift in Sources */ = {isa = PBXBuildFile; fileRef = 506A57F71DF2000900446B65 /* MiningUI.swift */; };
		506A57FA1DF2002900446B65 /* SKButton.swift in Sources */ = {isa = PBXBuildFile; fileRef = 506A57F91DF2002900446B65 /* SKButton.swift */; };
		5078C7A11DF61FD000021D76 /* Stocks.txt in Resources */ = {isa = PBXBuildFile; fileRef = 5078C7A01DF61FD000021D76 /* Stocks.txt */; };
		50A72BAA1DEF3A2D003460A2 /* LaunchScreen.storyboard in Resources */ = {isa = PBXBuildFile; fileRef = 50A72BA81DEF3A2D003460A2 /* LaunchScreen.storyboard */; };
		50A72BB51DEF3A2D003460A2 /* MiniMinerTests.swift in Sources */ = {isa = PBXBuildFile; fileRef = 50A72BB41DEF3A2D003460A2 /* MiniMinerTests.swift */; };
		50A72BC01DEF3A2D003460A2 /* MiniMinerUITests.swift in Sources */ = {isa = PBXBuildFile; fileRef = 50A72BBF1DEF3A2D003460A2 /* MiniMinerUITests.swift */; };
		50A72BCE1DEF3C1C003460A2 /* Main.storyboard in Resources */ = {isa = PBXBuildFile; fileRef = 50A72BCD1DEF3C1C003460A2 /* Main.storyboard */; };
		50A72BD71DEF3C6A003460A2 /* Rock.atlas in Resources */ = {isa = PBXBuildFile; fileRef = 50A72BCF1DEF3C6A003460A2 /* Rock.atlas */; };
		50A72BD91DEF3C6A003460A2 /* MiningScene.swift in Sources */ = {isa = PBXBuildFile; fileRef = 50A72BD11DEF3C6A003460A2 /* MiningScene.swift */; };
		50A72BDA1DEF3C6A003460A2 /* TitleScene.swift in Sources */ = {isa = PBXBuildFile; fileRef = 50A72BD21DEF3C6A003460A2 /* TitleScene.swift */; };
		50A72BDB1DEF3C6A003460A2 /* GameScene.swift in Sources */ = {isa = PBXBuildFile; fileRef = 50A72BD31DEF3C6A003460A2 /* GameScene.swift */; };
		50A72BDC1DEF3C6A003460A2 /* Game.swift in Sources */ = {isa = PBXBuildFile; fileRef = 50A72BD41DEF3C6A003460A2 /* Game.swift */; };
		50A72BDD1DEF3C6A003460A2 /* AppDelegate.swift in Sources */ = {isa = PBXBuildFile; fileRef = 50A72BD51DEF3C6A003460A2 /* AppDelegate.swift */; };
		50A72BDE1DEF3C6A003460A2 /* GameViewController.swift in Sources */ = {isa = PBXBuildFile; fileRef = 50A72BD61DEF3C6A003460A2 /* GameViewController.swift */; };
		50A72BE01DEF3C92003460A2 /* Wall.swift in Sources */ = {isa = PBXBuildFile; fileRef = 50A72BDF1DEF3C92003460A2 /* Wall.swift */; };
		50A72BE21DEF4007003460A2 /* Rock.swift in Sources */ = {isa = PBXBuildFile; fileRef = 50A72BE11DEF4007003460A2 /* Rock.swift */; };
		50D51D031DF5A1CC00C82F6E /* TitleUI.swift in Sources */ = {isa = PBXBuildFile; fileRef = 50D51D021DF5A1CC00C82F6E /* TitleUI.swift */; };
		50D51D091DF5A94A00C82F6E /* UndergroundScene.swift in Sources */ = {isa = PBXBuildFile; fileRef = 50D51D081DF5A94A00C82F6E /* UndergroundScene.swift */; };
		50D51D0C1DF5AB7F00C82F6E /* Mineables.atlas in Resources */ = {isa = PBXBuildFile; fileRef = 50D51D0B1DF5AB7F00C82F6E /* Mineables.atlas */; };
		50D51D0E1DF5ABD400C82F6E /* Underground.swift in Sources */ = {isa = PBXBuildFile; fileRef = 50D51D0D1DF5ABD400C82F6E /* Underground.swift */; };
		50D51D101DF5AF3900C82F6E /* Sparkle.swift in Sources */ = {isa = PBXBuildFile; fileRef = 50D51D0F1DF5AF3900C82F6E /* Sparkle.swift */; };
		50D51D121DF5B07E00C82F6E /* Sparkle.atlas in Resources */ = {isa = PBXBuildFile; fileRef = 50D51D111DF5B07E00C82F6E /* Sparkle.atlas */; };
		50D51D161DF5BC2300C82F6E /* MineableType.swift in Sources */ = {isa = PBXBuildFile; fileRef = 50D51D151DF5BC2300C82F6E /* MineableType.swift */; };
		50D51D191DF5C04D00C82F6E /* Inventory.swift in Sources */ = {isa = PBXBuildFile; fileRef = 50D51D181DF5C04D00C82F6E /* Inventory.swift */; };
		50D51D1C1DF5C35F00C82F6E /* Sidebar.swift in Sources */ = {isa = PBXBuildFile; fileRef = 50D51D1B1DF5C35F00C82F6E /* Sidebar.swift */; };
		50D51D1E1DF5CC4600C82F6E /* SKVerticalScrollMenu.swift in Sources */ = {isa = PBXBuildFile; fileRef = 50D51D1D1DF5CC4600C82F6E /* SKVerticalScrollMenu.swift */; };
		50E625031DF05FF000EBAAF6 /* Mineable.swift in Sources */ = {isa = PBXBuildFile; fileRef = 50E625021DF05FF000EBAAF6 /* Mineable.swift */; };
		50E625071DF06FA100EBAAF6 /* Assets.xcassets in Resources */ = {isa = PBXBuildFile; fileRef = 50E625061DF06FA100EBAAF6 /* Assets.xcassets */; };
/* End PBXBuildFile section */

/* Begin PBXContainerItemProxy section */
		50A72BB11DEF3A2D003460A2 /* PBXContainerItemProxy */ = {
			isa = PBXContainerItemProxy;
			containerPortal = 50A72B901DEF3A2D003460A2 /* Project object */;
			proxyType = 1;
			remoteGlobalIDString = 50A72B971DEF3A2D003460A2;
			remoteInfo = MiniMiner;
		};
		50A72BBC1DEF3A2D003460A2 /* PBXContainerItemProxy */ = {
			isa = PBXContainerItemProxy;
			containerPortal = 50A72B901DEF3A2D003460A2 /* Project object */;
			proxyType = 1;
			remoteGlobalIDString = 50A72B971DEF3A2D003460A2;
			remoteInfo = MiniMiner;
		};
/* End PBXContainerItemProxy section */

/* Begin PBXFileReference section */
		501AD8291DF5E16F00F217B9 /* Stocks.swift */ = {isa = PBXFileReference; fileEncoding = 4; lastKnownFileType = sourcecode.swift; path = Stocks.swift; sourceTree = "<group>"; };
		506A57F51DF1FF8C00446B65 /* UI.atlas */ = {isa = PBXFileReference; lastKnownFileType = folder.skatlas; path = UI.atlas; sourceTree = "<group>"; };
		506A57F71DF2000900446B65 /* MiningUI.swift */ = {isa = PBXFileReference; fileEncoding = 4; lastKnownFileType = sourcecode.swift; path = MiningUI.swift; sourceTree = "<group>"; };
		506A57F91DF2002900446B65 /* SKButton.swift */ = {isa = PBXFileReference; fileEncoding = 4; lastKnownFileType = sourcecode.swift; path = SKButton.swift; sourceTree = "<group>"; };
		5078C7A01DF61FD000021D76 /* Stocks.txt */ = {isa = PBXFileReference; fileEncoding = 4; lastKnownFileType = text; path = Stocks.txt; sourceTree = "<group>"; };
		50A72B981DEF3A2D003460A2 /* MiniMiner.app */ = {isa = PBXFileReference; explicitFileType = wrapper.application; includeInIndex = 0; path = MiniMiner.app; sourceTree = BUILT_PRODUCTS_DIR; };
		50A72BA91DEF3A2D003460A2 /* Base */ = {isa = PBXFileReference; lastKnownFileType = file.storyboard; name = Base; path = Base.lproj/LaunchScreen.storyboard; sourceTree = "<group>"; };
		50A72BAB1DEF3A2D003460A2 /* Info.plist */ = {isa = PBXFileReference; lastKnownFileType = text.plist.xml; path = Info.plist; sourceTree = "<group>"; };
		50A72BB01DEF3A2D003460A2 /* MiniMinerTests.xctest */ = {isa = PBXFileReference; explicitFileType = wrapper.cfbundle; includeInIndex = 0; path = MiniMinerTests.xctest; sourceTree = BUILT_PRODUCTS_DIR; };
		50A72BB41DEF3A2D003460A2 /* MiniMinerTests.swift */ = {isa = PBXFileReference; lastKnownFileType = sourcecode.swift; path = MiniMinerTests.swift; sourceTree = "<group>"; };
		50A72BB61DEF3A2D003460A2 /* Info.plist */ = {isa = PBXFileReference; lastKnownFileType = text.plist.xml; path = Info.plist; sourceTree = "<group>"; };
		50A72BBB1DEF3A2D003460A2 /* MiniMinerUITests.xctest */ = {isa = PBXFileReference; explicitFileType = wrapper.cfbundle; includeInIndex = 0; path = MiniMinerUITests.xctest; sourceTree = BUILT_PRODUCTS_DIR; };
		50A72BBF1DEF3A2D003460A2 /* MiniMinerUITests.swift */ = {isa = PBXFileReference; lastKnownFileType = sourcecode.swift; path = MiniMinerUITests.swift; sourceTree = "<group>"; };
		50A72BC11DEF3A2D003460A2 /* Info.plist */ = {isa = PBXFileReference; lastKnownFileType = text.plist.xml; path = Info.plist; sourceTree = "<group>"; };
		50A72BCD1DEF3C1C003460A2 /* Main.storyboard */ = {isa = PBXFileReference; fileEncoding = 4; lastKnownFileType = file.storyboard; path = Main.storyboard; sourceTree = "<group>"; };
		50A72BCF1DEF3C6A003460A2 /* Rock.atlas */ = {isa = PBXFileReference; lastKnownFileType = folder.skatlas; path = Rock.atlas; sourceTree = "<group>"; };
		50A72BD11DEF3C6A003460A2 /* MiningScene.swift */ = {isa = PBXFileReference; fileEncoding = 4; lastKnownFileType = sourcecode.swift; path = MiningScene.swift; sourceTree = "<group>"; };
		50A72BD21DEF3C6A003460A2 /* TitleScene.swift */ = {isa = PBXFileReference; fileEncoding = 4; lastKnownFileType = sourcecode.swift; path = TitleScene.swift; sourceTree = "<group>"; };
		50A72BD31DEF3C6A003460A2 /* GameScene.swift */ = {isa = PBXFileReference; fileEncoding = 4; lastKnownFileType = sourcecode.swift; path = GameScene.swift; sourceTree = "<group>"; };
		50A72BD41DEF3C6A003460A2 /* Game.swift */ = {isa = PBXFileReference; fileEncoding = 4; lastKnownFileType = sourcecode.swift; path = Game.swift; sourceTree = "<group>"; };
		50A72BD51DEF3C6A003460A2 /* AppDelegate.swift */ = {isa = PBXFileReference; fileEncoding = 4; lastKnownFileType = sourcecode.swift; path = AppDelegate.swift; sourceTree = "<group>"; };
		50A72BD61DEF3C6A003460A2 /* GameViewController.swift */ = {isa = PBXFileReference; fileEncoding = 4; lastKnownFileType = sourcecode.swift; path = GameViewController.swift; sourceTree = "<group>"; };
		50A72BDF1DEF3C92003460A2 /* Wall.swift */ = {isa = PBXFileReference; fileEncoding = 4; lastKnownFileType = sourcecode.swift; path = Wall.swift; sourceTree = "<group>"; };
		50A72BE11DEF4007003460A2 /* Rock.swift */ = {isa = PBXFileReference; fileEncoding = 4; lastKnownFileType = sourcecode.swift; path = Rock.swift; sourceTree = "<group>"; };
		50D51D021DF5A1CC00C82F6E /* TitleUI.swift */ = {isa = PBXFileReference; fileEncoding = 4; lastKnownFileType = sourcecode.swift; path = TitleUI.swift; sourceTree = "<group>"; };
		50D51D081DF5A94A00C82F6E /* UndergroundScene.swift */ = {isa = PBXFileReference; fileEncoding = 4; lastKnownFileType = sourcecode.swift; path = UndergroundScene.swift; sourceTree = "<group>"; };
		50D51D0B1DF5AB7F00C82F6E /* Mineables.atlas */ = {isa = PBXFileReference; lastKnownFileType = folder.skatlas; path = Mineables.atlas; sourceTree = "<group>"; };
		50D51D0D1DF5ABD400C82F6E /* Underground.swift */ = {isa = PBXFileReference; fileEncoding = 4; lastKnownFileType = sourcecode.swift; path = Underground.swift; sourceTree = "<group>"; };
		50D51D0F1DF5AF3900C82F6E /* Sparkle.swift */ = {isa = PBXFileReference; fileEncoding = 4; lastKnownFileType = sourcecode.swift; path = Sparkle.swift; sourceTree = "<group>"; };
		50D51D111DF5B07E00C82F6E /* Sparkle.atlas */ = {isa = PBXFileReference; lastKnownFileType = folder.skatlas; path = Sparkle.atlas; sourceTree = "<group>"; };
		50D51D151DF5BC2300C82F6E /* MineableType.swift */ = {isa = PBXFileReference; fileEncoding = 4; lastKnownFileType = sourcecode.swift; path = MineableType.swift; sourceTree = "<group>"; };
		50D51D181DF5C04D00C82F6E /* Inventory.swift */ = {isa = PBXFileReference; fileEncoding = 4; lastKnownFileType = sourcecode.swift; path = Inventory.swift; sourceTree = "<group>"; };
		50D51D1B1DF5C35F00C82F6E /* Sidebar.swift */ = {isa = PBXFileReference; fileEncoding = 4; lastKnownFileType = sourcecode.swift; path = Sidebar.swift; sourceTree = "<group>"; };
		50D51D1D1DF5CC4600C82F6E /* SKVerticalScrollMenu.swift */ = {isa = PBXFileReference; fileEncoding = 4; lastKnownFileType = sourcecode.swift; path = SKVerticalScrollMenu.swift; sourceTree = "<group>"; };
		50E625021DF05FF000EBAAF6 /* Mineable.swift */ = {isa = PBXFileReference; fileEncoding = 4; lastKnownFileType = sourcecode.swift; path = Mineable.swift; sourceTree = "<group>"; };
		50E625061DF06FA100EBAAF6 /* Assets.xcassets */ = {isa = PBXFileReference; lastKnownFileType = folder.assetcatalog; path = Assets.xcassets; sourceTree = "<group>"; };
/* End PBXFileReference section */

/* Begin PBXFrameworksBuildPhase section */
		50A72B951DEF3A2D003460A2 /* Frameworks */ = {
			isa = PBXFrameworksBuildPhase;
			buildActionMask = 2147483647;
			files = (
			);
			runOnlyForDeploymentPostprocessing = 0;
		};
		50A72BAD1DEF3A2D003460A2 /* Frameworks */ = {
			isa = PBXFrameworksBuildPhase;
			buildActionMask = 2147483647;
			files = (
			);
			runOnlyForDeploymentPostprocessing = 0;
		};
		50A72BB81DEF3A2D003460A2 /* Frameworks */ = {
			isa = PBXFrameworksBuildPhase;
			buildActionMask = 2147483647;
			files = (
			);
			runOnlyForDeploymentPostprocessing = 0;
		};
/* End PBXFrameworksBuildPhase section */

/* Begin PBXGroup section */
		50A72B8F1DEF3A2D003460A2 = {
			isa = PBXGroup;
			children = (
				50A72B9A1DEF3A2D003460A2 /* MiniMiner */,
				50A72BB31DEF3A2D003460A2 /* MiniMinerTests */,
				50A72BBE1DEF3A2D003460A2 /* MiniMinerUITests */,
				50A72B991DEF3A2D003460A2 /* Products */,
			);
			sourceTree = "<group>";
		};
		50A72B991DEF3A2D003460A2 /* Products */ = {
			isa = PBXGroup;
			children = (
				50A72B981DEF3A2D003460A2 /* MiniMiner.app */,
				50A72BB01DEF3A2D003460A2 /* MiniMinerTests.xctest */,
				50A72BBB1DEF3A2D003460A2 /* MiniMinerUITests.xctest */,
			);
			name = Products;
			sourceTree = "<group>";
		};
		50A72B9A1DEF3A2D003460A2 /* MiniMiner */ = {
			isa = PBXGroup;
			children = (
				50E625061DF06FA100EBAAF6 /* Assets.xcassets */,
				5078C7A01DF61FD000021D76 /* Stocks.txt */,
				50D51D111DF5B07E00C82F6E /* Sparkle.atlas */,
				50D51D0B1DF5AB7F00C82F6E /* Mineables.atlas */,
				506A57F51DF1FF8C00446B65 /* UI.atlas */,
				50A72BCF1DEF3C6A003460A2 /* Rock.atlas */,
				50D51D061DF5A62C00C82F6E /* Scenes */,
				50D51D071DF5A90F00C82F6E /* UI */,
				50D51D141DF5B0A700C82F6E /* Underground */,
				50D51D131DF5B09B00C82F6E /* Mining */,
				50A72BD61DEF3C6A003460A2 /* GameViewController.swift */,
				50D51D171DF5BEA300C82F6E /* Game */,
				50A72BD51DEF3C6A003460A2 /* AppDelegate.swift */,
				50A72BCD1DEF3C1C003460A2 /* Main.storyboard */,
				50A72BA81DEF3A2D003460A2 /* LaunchScreen.storyboard */,
				50A72BAB1DEF3A2D003460A2 /* Info.plist */,
			);
			path = MiniMiner;
			sourceTree = "<group>";
		};
		50A72BB31DEF3A2D003460A2 /* MiniMinerTests */ = {
			isa = PBXGroup;
			children = (
				50A72BB41DEF3A2D003460A2 /* MiniMinerTests.swift */,
				50A72BB61DEF3A2D003460A2 /* Info.plist */,
			);
			path = MiniMinerTests;
			sourceTree = "<group>";
		};
		50A72BBE1DEF3A2D003460A2 /* MiniMinerUITests */ = {
			isa = PBXGroup;
			children = (
				50A72BBF1DEF3A2D003460A2 /* MiniMinerUITests.swift */,
				50A72BC11DEF3A2D003460A2 /* Info.plist */,
			);
			path = MiniMinerUITests;
			sourceTree = "<group>";
		};
		50D51D061DF5A62C00C82F6E /* Scenes */ = {
			isa = PBXGroup;
			children = (
				50A72BD31DEF3C6A003460A2 /* GameScene.swift */,
				50A72BD21DEF3C6A003460A2 /* TitleScene.swift */,
				50D51D081DF5A94A00C82F6E /* UndergroundScene.swift */,
				50A72BD11DEF3C6A003460A2 /* MiningScene.swift */,
			);
			name = Scenes;
			sourceTree = "<group>";
		};
		50D51D071DF5A90F00C82F6E /* UI */ = {
			isa = PBXGroup;
			children = (
				50D51D1B1DF5C35F00C82F6E /* Sidebar.swift */,
				506A57F91DF2002900446B65 /* SKButton.swift */,
				50D51D1D1DF5CC4600C82F6E /* SKVerticalScrollMenu.swift */,
				50D51D021DF5A1CC00C82F6E /* TitleUI.swift */,
				506A57F71DF2000900446B65 /* MiningUI.swift */,
			);
			name = UI;
			sourceTree = "<group>";
		};
		50D51D131DF5B09B00C82F6E /* Mining */ = {
			isa = PBXGroup;
			children = (
				50A72BDF1DEF3C92003460A2 /* Wall.swift */,
				50E625021DF05FF000EBAAF6 /* Mineable.swift */,
				50A72BE11DEF4007003460A2 /* Rock.swift */,
				50D51D151DF5BC2300C82F6E /* MineableType.swift */,
			);
			name = Mining;
			sourceTree = "<group>";
		};
		50D51D141DF5B0A700C82F6E /* Underground */ = {
			isa = PBXGroup;
			children = (
				50D51D0D1DF5ABD400C82F6E /* Underground.swift */,
				50D51D0F1DF5AF3900C82F6E /* Sparkle.swift */,
			);
			name = Underground;
			sourceTree = "<group>";
		};
		50D51D171DF5BEA300C82F6E /* Game */ = {
			isa = PBXGroup;
			children = (
				50A72BD41DEF3C6A003460A2 /* Game.swift */,
				50D51D181DF5C04D00C82F6E /* Inventory.swift */,
				501AD8291DF5E16F00F217B9 /* Stocks.swift */,
			);
			name = Game;
			sourceTree = "<group>";
		};
/* End PBXGroup section */

/* Begin PBXNativeTarget section */
		50A72B971DEF3A2D003460A2 /* MiniMiner */ = {
			isa = PBXNativeTarget;
			buildConfigurationList = 50A72BC41DEF3A2D003460A2 /* Build configuration list for PBXNativeTarget "MiniMiner" */;
			buildPhases = (
				50A72B941DEF3A2D003460A2 /* Sources */,
				50A72B951DEF3A2D003460A2 /* Frameworks */,
				50A72B961DEF3A2D003460A2 /* Resources */,
			);
			buildRules = (
			);
			dependencies = (
			);
			name = MiniMiner;
			productName = MiniMiner;
			productReference = 50A72B981DEF3A2D003460A2 /* MiniMiner.app */;
			productType = "com.apple.product-type.application";
		};
		50A72BAF1DEF3A2D003460A2 /* MiniMinerTests */ = {
			isa = PBXNativeTarget;
			buildConfigurationList = 50A72BC71DEF3A2D003460A2 /* Build configuration list for PBXNativeTarget "MiniMinerTests" */;
			buildPhases = (
				50A72BAC1DEF3A2D003460A2 /* Sources */,
				50A72BAD1DEF3A2D003460A2 /* Frameworks */,
				50A72BAE1DEF3A2D003460A2 /* Resources */,
			);
			buildRules = (
			);
			dependencies = (
				50A72BB21DEF3A2D003460A2 /* PBXTargetDependency */,
			);
			name = MiniMinerTests;
			productName = MiniMinerTests;
			productReference = 50A72BB01DEF3A2D003460A2 /* MiniMinerTests.xctest */;
			productType = "com.apple.product-type.bundle.unit-test";
		};
		50A72BBA1DEF3A2D003460A2 /* MiniMinerUITests */ = {
			isa = PBXNativeTarget;
			buildConfigurationList = 50A72BCA1DEF3A2D003460A2 /* Build configuration list for PBXNativeTarget "MiniMinerUITests" */;
			buildPhases = (
				50A72BB71DEF3A2D003460A2 /* Sources */,
				50A72BB81DEF3A2D003460A2 /* Frameworks */,
				50A72BB91DEF3A2D003460A2 /* Resources */,
			);
			buildRules = (
			);
			dependencies = (
				50A72BBD1DEF3A2D003460A2 /* PBXTargetDependency */,
			);
			name = MiniMinerUITests;
			productName = MiniMinerUITests;
			productReference = 50A72BBB1DEF3A2D003460A2 /* MiniMinerUITests.xctest */;
			productType = "com.apple.product-type.bundle.ui-testing";
		};
/* End PBXNativeTarget section */

/* Begin PBXProject section */
		50A72B901DEF3A2D003460A2 /* Project object */ = {
			isa = PBXProject;
			attributes = {
				LastSwiftUpdateCheck = 0730;
				LastUpgradeCheck = 0730;
				ORGANIZATIONNAME = Pixelaborate;
				TargetAttributes = {
					50A72B971DEF3A2D003460A2 = {
						CreatedOnToolsVersion = 7.3.1;
						DevelopmentTeam = 4NR4784MG2;
						LastSwiftMigration = 0810;
					};
					50A72BAF1DEF3A2D003460A2 = {
						CreatedOnToolsVersion = 7.3.1;
						LastSwiftMigration = 0810;
						TestTargetID = 50A72B971DEF3A2D003460A2;
					};
					50A72BBA1DEF3A2D003460A2 = {
						CreatedOnToolsVersion = 7.3.1;
						LastSwiftMigration = 0810;
						TestTargetID = 50A72B971DEF3A2D003460A2;
					};
				};
			};
			buildConfigurationList = 50A72B931DEF3A2D003460A2 /* Build configuration list for PBXProject "MiniMiner" */;
			compatibilityVersion = "Xcode 3.2";
			developmentRegion = English;
			hasScannedForEncodings = 0;
			knownRegions = (
				en,
				Base,
			);
			mainGroup = 50A72B8F1DEF3A2D003460A2;
			productRefGroup = 50A72B991DEF3A2D003460A2 /* Products */;
			projectDirPath = "";
			projectRoot = "";
			targets = (
				50A72B971DEF3A2D003460A2 /* MiniMiner */,
				50A72BAF1DEF3A2D003460A2 /* MiniMinerTests */,
				50A72BBA1DEF3A2D003460A2 /* MiniMinerUITests */,
			);
		};
/* End PBXProject section */

/* Begin PBXResourcesBuildPhase section */
		50A72B961DEF3A2D003460A2 /* Resources */ = {
			isa = PBXResourcesBuildPhase;
			buildActionMask = 2147483647;
			files = (
				506A57F61DF1FF8C00446B65 /* UI.atlas in Resources */,
				50A72BD71DEF3C6A003460A2 /* Rock.atlas in Resources */,
				50A72BCE1DEF3C1C003460A2 /* Main.storyboard in Resources */,
				50E625071DF06FA100EBAAF6 /* Assets.xcassets in Resources */,
				50D51D0C1DF5AB7F00C82F6E /* Mineables.atlas in Resources */,
				50D51D121DF5B07E00C82F6E /* Sparkle.atlas in Resources */,
				50A72BAA1DEF3A2D003460A2 /* LaunchScreen.storyboard in Resources */,
				5078C7A11DF61FD000021D76 /* Stocks.txt in Resources */,
			);
			runOnlyForDeploymentPostprocessing = 0;
		};
		50A72BAE1DEF3A2D003460A2 /* Resources */ = {
			isa = PBXResourcesBuildPhase;
			buildActionMask = 2147483647;
			files = (
			);
			runOnlyForDeploymentPostprocessing = 0;
		};
		50A72BB91DEF3A2D003460A2 /* Resources */ = {
			isa = PBXResourcesBuildPhase;
			buildActionMask = 2147483647;
			files = (
			);
			runOnlyForDeploymentPostprocessing = 0;
		};
/* End PBXResourcesBuildPhase section */

/* Begin PBXSourcesBuildPhase section */
		50A72B941DEF3A2D003460A2 /* Sources */ = {
			isa = PBXSourcesBuildPhase;
			buildActionMask = 2147483647;
			files = (
				50A72BDE1DEF3C6A003460A2 /* GameViewController.swift in Sources */,
				50A72BDD1DEF3C6A003460A2 /* AppDelegate.swift in Sources */,
				501AD82A1DF5E16F00F217B9 /* Stocks.swift in Sources */,
				50E625031DF05FF000EBAAF6 /* Mineable.swift in Sources */,
				50A72BD91DEF3C6A003460A2 /* MiningScene.swift in Sources */,
				50D51D191DF5C04D00C82F6E /* Inventory.swift in Sources */,
				50A72BE21DEF4007003460A2 /* Rock.swift in Sources */,
				50A72BDC1DEF3C6A003460A2 /* Game.swift in Sources */,
				506A57FA1DF2002900446B65 /* SKButton.swift in Sources */,
				50A72BE01DEF3C92003460A2 /* Wall.swift in Sources */,
				50D51D031DF5A1CC00C82F6E /* TitleUI.swift in Sources */,
				50D51D091DF5A94A00C82F6E /* UndergroundScene.swift in Sources */,
				50D51D101DF5AF3900C82F6E /* Sparkle.swift in Sources */,
				50A72BDB1DEF3C6A003460A2 /* GameScene.swift in Sources */,
				50D51D161DF5BC2300C82F6E /* MineableType.swift in Sources */,
				50D51D0E1DF5ABD400C82F6E /* Underground.swift in Sources */,
				506A57F81DF2000900446B65 /* MiningUI.swift in Sources */,
				50D51D1E1DF5CC4600C82F6E /* SKVerticalScrollMenu.swift in Sources */,
				50D51D1C1DF5C35F00C82F6E /* Sidebar.swift in Sources */,
				50A72BDA1DEF3C6A003460A2 /* TitleScene.swift in Sources */,
			);
			runOnlyForDeploymentPostprocessing = 0;
		};
		50A72BAC1DEF3A2D003460A2 /* Sources */ = {
			isa = PBXSourcesBuildPhase;
			buildActionMask = 2147483647;
			files = (
				50A72BB51DEF3A2D003460A2 /* MiniMinerTests.swift in Sources */,
			);
			runOnlyForDeploymentPostprocessing = 0;
		};
		50A72BB71DEF3A2D003460A2 /* Sources */ = {
			isa = PBXSourcesBuildPhase;
			buildActionMask = 2147483647;
			files = (
				50A72BC01DEF3A2D003460A2 /* MiniMinerUITests.swift in Sources */,
			);
			runOnlyForDeploymentPostprocessing = 0;
		};
/* End PBXSourcesBuildPhase section */

/* Begin PBXTargetDependency section */
		50A72BB21DEF3A2D003460A2 /* PBXTargetDependency */ = {
			isa = PBXTargetDependency;
			target = 50A72B971DEF3A2D003460A2 /* MiniMiner */;
			targetProxy = 50A72BB11DEF3A2D003460A2 /* PBXContainerItemProxy */;
		};
		50A72BBD1DEF3A2D003460A2 /* PBXTargetDependency */ = {
			isa = PBXTargetDependency;
			target = 50A72B971DEF3A2D003460A2 /* MiniMiner */;
			targetProxy = 50A72BBC1DEF3A2D003460A2 /* PBXContainerItemProxy */;
		};
/* End PBXTargetDependency section */

/* Begin PBXVariantGroup section */
		50A72BA81DEF3A2D003460A2 /* LaunchScreen.storyboard */ = {
			isa = PBXVariantGroup;
			children = (
				50A72BA91DEF3A2D003460A2 /* Base */,
			);
			name = LaunchScreen.storyboard;
			sourceTree = "<group>";
		};
/* End PBXVariantGroup section */

/* Begin XCBuildConfiguration section */
		50A72BC21DEF3A2D003460A2 /* Debug */ = {
			isa = XCBuildConfiguration;
			buildSettings = {
				ALWAYS_SEARCH_USER_PATHS = NO;
				CLANG_ANALYZER_NONNULL = YES;
				CLANG_CXX_LANGUAGE_STANDARD = "gnu++0x";
				CLANG_CXX_LIBRARY = "libc++";
				CLANG_ENABLE_MODULES = YES;
				CLANG_ENABLE_OBJC_ARC = YES;
				CLANG_WARN_BOOL_CONVERSION = YES;
				CLANG_WARN_CONSTANT_CONVERSION = YES;
				CLANG_WARN_DIRECT_OBJC_ISA_USAGE = YES_ERROR;
				CLANG_WARN_EMPTY_BODY = YES;
				CLANG_WARN_ENUM_CONVERSION = YES;
				CLANG_WARN_INT_CONVERSION = YES;
				CLANG_WARN_OBJC_ROOT_CLASS = YES_ERROR;
				CLANG_WARN_UNREACHABLE_CODE = YES;
				CLANG_WARN__DUPLICATE_METHOD_MATCH = YES;
				"CODE_SIGN_IDENTITY[sdk=iphoneos*]" = "iPhone Developer";
				COPY_PHASE_STRIP = NO;
				DEBUG_INFORMATION_FORMAT = "dwarf-with-dsym";
				ENABLE_STRICT_OBJC_MSGSEND = YES;
				ENABLE_TESTABILITY = YES;
				GCC_C_LANGUAGE_STANDARD = gnu99;
				GCC_DYNAMIC_NO_PIC = NO;
				GCC_NO_COMMON_BLOCKS = YES;
				GCC_OPTIMIZATION_LEVEL = 0;
				GCC_PREPROCESSOR_DEFINITIONS = (
					"DEBUG=1",
					"$(inherited)",
				);
				GCC_WARN_64_TO_32_BIT_CONVERSION = YES;
				GCC_WARN_ABOUT_RETURN_TYPE = YES_ERROR;
				GCC_WARN_UNDECLARED_SELECTOR = YES;
				GCC_WARN_UNINITIALIZED_AUTOS = YES_AGGRESSIVE;
				GCC_WARN_UNUSED_FUNCTION = YES;
				GCC_WARN_UNUSED_VARIABLE = YES;
				IPHONEOS_DEPLOYMENT_TARGET = 9.3;
				MTL_ENABLE_DEBUG_INFO = YES;
				ONLY_ACTIVE_ARCH = YES;
				SDKROOT = iphoneos;
				SWIFT_OPTIMIZATION_LEVEL = "-Onone";
				TARGETED_DEVICE_FAMILY = "1,2";
			};
			name = Debug;
		};
		50A72BC31DEF3A2D003460A2 /* Release */ = {
			isa = XCBuildConfiguration;
			buildSettings = {
				ALWAYS_SEARCH_USER_PATHS = NO;
				CLANG_ANALYZER_NONNULL = YES;
				CLANG_CXX_LANGUAGE_STANDARD = "gnu++0x";
				CLANG_CXX_LIBRARY = "libc++";
				CLANG_ENABLE_MODULES = YES;
				CLANG_ENABLE_OBJC_ARC = YES;
				CLANG_WARN_BOOL_CONVERSION = YES;
				CLANG_WARN_CONSTANT_CONVERSION = YES;
				CLANG_WARN_DIRECT_OBJC_ISA_USAGE = YES_ERROR;
				CLANG_WARN_EMPTY_BODY = YES;
				CLANG_WARN_ENUM_CONVERSION = YES;
				CLANG_WARN_INT_CONVERSION = YES;
				CLANG_WARN_OBJC_ROOT_CLASS = YES_ERROR;
				CLANG_WARN_UNREACHABLE_CODE = YES;
				CLANG_WARN__DUPLICATE_METHOD_MATCH = YES;
				"CODE_SIGN_IDENTITY[sdk=iphoneos*]" = "iPhone Developer";
				COPY_PHASE_STRIP = NO;
				DEBUG_INFORMATION_FORMAT = "dwarf-with-dsym";
				ENABLE_NS_ASSERTIONS = NO;
				ENABLE_STRICT_OBJC_MSGSEND = YES;
				GCC_C_LANGUAGE_STANDARD = gnu99;
				GCC_NO_COMMON_BLOCKS = YES;
				GCC_WARN_64_TO_32_BIT_CONVERSION = YES;
				GCC_WARN_ABOUT_RETURN_TYPE = YES_ERROR;
				GCC_WARN_UNDECLARED_SELECTOR = YES;
				GCC_WARN_UNINITIALIZED_AUTOS = YES_AGGRESSIVE;
				GCC_WARN_UNUSED_FUNCTION = YES;
				GCC_WARN_UNUSED_VARIABLE = YES;
				IPHONEOS_DEPLOYMENT_TARGET = 9.3;
				MTL_ENABLE_DEBUG_INFO = NO;
				SDKROOT = iphoneos;
				TARGETED_DEVICE_FAMILY = "1,2";
				VALIDATE_PRODUCT = YES;
			};
			name = Release;
		};
		50A72BC51DEF3A2D003460A2 /* Debug */ = {
			isa = XCBuildConfiguration;
			buildSettings = {
				ASSETCATALOG_COMPILER_APPICON_NAME = AppIcon;
				CLANG_ENABLE_MODULES = YES;
				CODE_SIGN_IDENTITY = "iPhone Developer";
				"CODE_SIGN_IDENTITY[sdk=iphoneos*]" = "iPhone Developer";
				INFOPLIST_FILE = MiniMiner/Info.plist;
				LD_RUNPATH_SEARCH_PATHS = "$(inherited) @executable_path/Frameworks";
				PRODUCT_BUNDLE_IDENTIFIER = com.pixelaborate.MiniMiner;
				PRODUCT_NAME = "$(TARGET_NAME)";
				PROVISIONING_PROFILE = "";
				SWIFT_OPTIMIZATION_LEVEL = "-Onone";
				SWIFT_VERSION = 3.0;
			};
			name = Debug;
		};
		50A72BC61DEF3A2D003460A2 /* Release */ = {
			isa = XCBuildConfiguration;
			buildSettings = {
				ASSETCATALOG_COMPILER_APPICON_NAME = AppIcon;
				CLANG_ENABLE_MODULES = YES;
				CODE_SIGN_IDENTITY = "iPhone Developer";
				"CODE_SIGN_IDENTITY[sdk=iphoneos*]" = "iPhone Developer";
				INFOPLIST_FILE = MiniMiner/Info.plist;
				LD_RUNPATH_SEARCH_PATHS = "$(inherited) @executable_path/Frameworks";
				PRODUCT_BUNDLE_IDENTIFIER = com.pixelaborate.MiniMiner;
				PRODUCT_NAME = "$(TARGET_NAME)";
				PROVISIONING_PROFILE = "";
				SWIFT_VERSION = 3.0;
			};
			name = Release;
		};
		50A72BC81DEF3A2D003460A2 /* Debug */ = {
			isa = XCBuildConfiguration;
			buildSettings = {
				BUNDLE_LOADER = "$(TEST_HOST)";
				DEBUG_INFORMATION_FORMAT = dwarf;
				INFOPLIST_FILE = MiniMinerTests/Info.plist;
				LD_RUNPATH_SEARCH_PATHS = "$(inherited) @executable_path/Frameworks @loader_path/Frameworks";
				PRODUCT_BUNDLE_IDENTIFIER = com.pixelaborate.MiniMinerTests;
				PRODUCT_NAME = "$(TARGET_NAME)";
				SWIFT_VERSION = 3.0;
				TEST_HOST = "$(BUILT_PRODUCTS_DIR)/MiniMiner.app/MiniMiner";
			};
			name = Debug;
		};
		50A72BC91DEF3A2D003460A2 /* Release */ = {
			isa = XCBuildConfiguration;
			buildSettings = {
				BUNDLE_LOADER = "$(TEST_HOST)";
				INFOPLIST_FILE = MiniMinerTests/Info.plist;
				LD_RUNPATH_SEARCH_PATHS = "$(inherited) @executable_path/Frameworks @loader_path/Frameworks";
				PRODUCT_BUNDLE_IDENTIFIER = com.pixelaborate.MiniMinerTests;
				PRODUCT_NAME = "$(TARGET_NAME)";
				SWIFT_VERSION = 3.0;
				TEST_HOST = "$(BUILT_PRODUCTS_DIR)/MiniMiner.app/MiniMiner";
			};
			name = Release;
		};
		50A72BCB1DEF3A2D003460A2 /* Debug */ = {
			isa = XCBuildConfiguration;
			buildSettings = {
				DEBUG_INFORMATION_FORMAT = dwarf;
				INFOPLIST_FILE = MiniMinerUITests/Info.plist;
				LD_RUNPATH_SEARCH_PATHS = "$(inherited) @executable_path/Frameworks @loader_path/Frameworks";
				PRODUCT_BUNDLE_IDENTIFIER = com.pixelaborate.MiniMinerUITests;
				PRODUCT_NAME = "$(TARGET_NAME)";
				SWIFT_VERSION = 3.0;
				TEST_TARGET_NAME = MiniMiner;
			};
			name = Debug;
		};
		50A72BCC1DEF3A2D003460A2 /* Release */ = {
			isa = XCBuildConfiguration;
			buildSettings = {
				INFOPLIST_FILE = MiniMinerUITests/Info.plist;
				LD_RUNPATH_SEARCH_PATHS = "$(inherited) @executable_path/Frameworks @loader_path/Frameworks";
				PRODUCT_BUNDLE_IDENTIFIER = com.pixelaborate.MiniMinerUITests;
				PRODUCT_NAME = "$(TARGET_NAME)";
				SWIFT_VERSION = 3.0;
				TEST_TARGET_NAME = MiniMiner;
			};
			name = Release;
		};
/* End XCBuildConfiguration section */

/* Begin XCConfigurationList section */
		50A72B931DEF3A2D003460A2 /* Build configuration list for PBXProject "MiniMiner" */ = {
			isa = XCConfigurationList;
			buildConfigurations = (
				50A72BC21DEF3A2D003460A2 /* Debug */,
				50A72BC31DEF3A2D003460A2 /* Release */,
			);
			defaultConfigurationIsVisible = 0;
			defaultConfigurationName = Release;
		};
		50A72BC41DEF3A2D003460A2 /* Build configuration list for PBXNativeTarget "MiniMiner" */ = {
			isa = XCConfigurationList;
			buildConfigurations = (
				50A72BC51DEF3A2D003460A2 /* Debug */,
				50A72BC61DEF3A2D003460A2 /* Release */,
			);
			defaultConfigurationIsVisible = 0;
			defaultConfigurationName = Release;
		};
		50A72BC71DEF3A2D003460A2 /* Build configuration list for PBXNativeTarget "MiniMinerTests" */ = {
			isa = XCConfigurationList;
			buildConfigurations = (
				50A72BC81DEF3A2D003460A2 /* Debug */,
				50A72BC91DEF3A2D003460A2 /* Release */,
			);
			defaultConfigurationIsVisible = 0;
			defaultConfigurationName = Release;
		};
		50A72BCA1DEF3A2D003460A2 /* Build configuration list for PBXNativeTarget "MiniMinerUITests" */ = {
			isa = XCConfigurationList;
			buildConfigurations = (
				50A72BCB1DEF3A2D003460A2 /* Debug */,
				50A72BCC1DEF3A2D003460A2 /* Release */,
			);
			defaultConfigurationIsVisible = 0;
			defaultConfigurationName = Release;
		};
/* End XCConfigurationList section */
	};
	rootObject = 50A72B901DEF3A2D003460A2 /* Project object */;
}
